
Microsoft Visual Studio Solution File, Format Version 12.00
# Visual Studio Version 16
VisualStudioVersion = 16.0.30011.22
MinimumVisualStudioVersion = 10.0.40219.1
Project("{FAE04EC0-301F-11D3-BF4B-00C04F79EFBC}") = "AspNet", "AspNet\AspNet.csproj", "{CC4F0C95-355C-4DB9-AAA1-CF3B373005EC}"
EndProject
Global
	GlobalSection(SolutionConfigurationPlatforms) = preSolution
		Debug|Any CPU = Debug|Any CPU
		Release|Any CPU = Release|Any CPU
	EndGlobalSection
	GlobalSection(ProjectConfigurationPlatforms) = postSolution
		{CC4F0C95-355C-4DB9-AAA1-CF3B373005EC}.Debug|Any CPU.ActiveCfg = Debug|Any CPU
		{CC4F0C95-355C-4DB9-AAA1-CF3B373005EC}.Debug|Any CPU.Build.0 = Debug|Any CPU
		{CC4F0C95-355C-4DB9-AAA1-CF3B373005EC}.Release|Any CPU.ActiveCfg = Release|Any CPU
		{CC4F0C95-355C-4DB9-AAA1-CF3B373005EC}.Release|Any CPU.Build.0 = Release|Any CPU
	EndGlobalSection
	GlobalSection(SolutionProperties) = preSolution
		HideSolutionNode = FALSE
	EndGlobalSection
	GlobalSection(ExtensibilityGlobals) = postSolution
		SolutionGuid = {A28B3B56-2DFD-4839-89C4-1C7964D456F8}
	EndGlobalSection
EndGlobal
